
Microsoft Visual Studio Solution File, Format Version 12.00
# Visual Studio Version 16
VisualStudioVersion = 16.0.30114.105
MinimumVisualStudioVersion = 10.0.40219.1
Project("{FAE04EC0-301F-11D3-BF4B-00C04F79EFBC}") = "example", "example\example.csproj", "{CBCF1010-6771-4B4D-B8F9-363F0DB844B4}"
EndProject
Global
	GlobalSection(SolutionConfigurationPlatforms) = preSolution
		Debug|Any CPU = Debug|Any CPU
		Release|Any CPU = Release|Any CPU
	EndGlobalSection
	GlobalSection(ProjectConfigurationPlatforms) = postSolution
		{CBCF1010-6771-4B4D-B8F9-363F0DB844B4}.Debug|Any CPU.ActiveCfg = Debug|Any CPU
		{CBCF1010-6771-4B4D-B8F9-363F0DB844B4}.Debug|Any CPU.Build.0 = Debug|Any CPU
		{CBCF1010-6771-4B4D-B8F9-363F0DB844B4}.Release|Any CPU.ActiveCfg = Release|Any CPU
		{CBCF1010-6771-4B4D-B8F9-363F0DB844B4}.Release|Any CPU.Build.0 = Release|Any CPU
	EndGlobalSection
	GlobalSection(SolutionProperties) = preSolution
		HideSolutionNode = FALSE
	EndGlobalSection
	GlobalSection(ExtensibilityGlobals) = postSolution
		SolutionGuid = {76B0E2A7-ACB8-4F52-A03F-7A351F0F1D7C}
	EndGlobalSection
EndGlobal
